
Microsoft Visual Studio Solution File, Format Version 12.00
# Visual Studio 15
VisualStudioVersion = 15.0.27130.2010
MinimumVisualStudioVersion = 10.0.40219.1
Project("{FAE04EC0-301F-11D3-BF4B-00C04F79EFBC}") = "AlmaCamTrainingTest", "..\AlmaCamTrainingTest\AlmaCamTrainingTest\AlmaCamTrainingTest.csproj", "{4FDEE9E7-0F2C-43F7-864D-0CA51E91768C}"
EndProject
Project("{FAE04EC0-301F-11D3-BF4B-00C04F79EFBC}") = "AlmaCamUser1", "Test_console\AlmaCamUser1.csproj", "{9B1DDC3A-DCFC-40E9-A88B-EF55162D107E}"
EndProject
Project("{FAE04EC0-301F-11D3-BF4B-00C04F79EFBC}") = "AF_JOHN_DEERE_Dll", "John_Deere_DLL\AF_JOHN_DEERE_Dll.csproj", "{F2B68199-A16B-4B40-B4FD-718126F984AF}"
EndProject
Project("{FAE04EC0-301F-11D3-BF4B-00C04F79EFBC}") = "AF_ImportTools_JD", "..\Import_Dll_JD\ImportTools_JD\AF_ImportTools_JD.csproj", "{49768C4B-0F89-40E8-943E-2977EF65834F}"
EndProject
Global
	GlobalSection(SolutionConfigurationPlatforms) = preSolution
		Debug|Any CPU = Debug|Any CPU
		Debug|x86 = Debug|x86
		Release|Any CPU = Release|Any CPU
		Release|x86 = Release|x86
		x86|Any CPU = x86|Any CPU
		x86|x86 = x86|x86
	EndGlobalSection
	GlobalSection(ProjectConfigurationPlatforms) = postSolution
		{4FDEE9E7-0F2C-43F7-864D-0CA51E91768C}.Debug|Any CPU.ActiveCfg = Debug|Any CPU
		{4FDEE9E7-0F2C-43F7-864D-0CA51E91768C}.Debug|Any CPU.Build.0 = Debug|Any CPU
		{4FDEE9E7-0F2C-43F7-864D-0CA51E91768C}.Debug|x86.ActiveCfg = Debug|x86
		{4FDEE9E7-0F2C-43F7-864D-0CA51E91768C}.Debug|x86.Build.0 = Debug|x86
		{4FDEE9E7-0F2C-43F7-864D-0CA51E91768C}.Release|Any CPU.ActiveCfg = Release|Any CPU
		{4FDEE9E7-0F2C-43F7-864D-0CA51E91768C}.Release|Any CPU.Build.0 = Release|Any CPU
		{4FDEE9E7-0F2C-43F7-864D-0CA51E91768C}.Release|x86.ActiveCfg = Release|x86
		{4FDEE9E7-0F2C-43F7-864D-0CA51E91768C}.Release|x86.Build.0 = Release|x86
		{4FDEE9E7-0F2C-43F7-864D-0CA51E91768C}.x86|Any CPU.ActiveCfg = Release|Any CPU
		{4FDEE9E7-0F2C-43F7-864D-0CA51E91768C}.x86|Any CPU.Build.0 = Release|Any CPU
		{4FDEE9E7-0F2C-43F7-864D-0CA51E91768C}.x86|x86.ActiveCfg = Release|x86
		{4FDEE9E7-0F2C-43F7-864D-0CA51E91768C}.x86|x86.Build.0 = Release|x86
		{9B1DDC3A-DCFC-40E9-A88B-EF55162D107E}.Debug|Any CPU.ActiveCfg = Debug|Any CPU
		{9B1DDC3A-DCFC-40E9-A88B-EF55162D107E}.Debug|Any CPU.Build.0 = Debug|Any CPU
		{9B1DDC3A-DCFC-40E9-A88B-EF55162D107E}.Debug|x86.ActiveCfg = Debug|x86
		{9B1DDC3A-DCFC-40E9-A88B-EF55162D107E}.Debug|x86.Build.0 = Debug|x86
		{9B1DDC3A-DCFC-40E9-A88B-EF55162D107E}.Release|Any CPU.ActiveCfg = Release|Any CPU
		{9B1DDC3A-DCFC-40E9-A88B-EF55162D107E}.Release|Any CPU.Build.0 = Release|Any CPU
		{9B1DDC3A-DCFC-40E9-A88B-EF55162D107E}.Release|x86.ActiveCfg = Release|x86
		{9B1DDC3A-DCFC-40E9-A88B-EF55162D107E}.Release|x86.Build.0 = Release|x86
		{9B1DDC3A-DCFC-40E9-A88B-EF55162D107E}.x86|Any CPU.ActiveCfg = Release|Any CPU
		{9B1DDC3A-DCFC-40E9-A88B-EF55162D107E}.x86|Any CPU.Build.0 = Release|Any CPU
		{9B1DDC3A-DCFC-40E9-A88B-EF55162D107E}.x86|x86.ActiveCfg = Release|x86
		{9B1DDC3A-DCFC-40E9-A88B-EF55162D107E}.x86|x86.Build.0 = Release|x86
		{F2B68199-A16B-4B40-B4FD-718126F984AF}.Debug|Any CPU.ActiveCfg = Debug|Any CPU
		{F2B68199-A16B-4B40-B4FD-718126F984AF}.Debug|Any CPU.Build.0 = Debug|Any CPU
		{F2B68199-A16B-4B40-B4FD-718126F984AF}.Debug|x86.ActiveCfg = Debug|x86
		{F2B68199-A16B-4B40-B4FD-718126F984AF}.Debug|x86.Build.0 = Debug|x86
		{F2B68199-A16B-4B40-B4FD-718126F984AF}.Release|Any CPU.ActiveCfg = Release|Any CPU
		{F2B68199-A16B-4B40-B4FD-718126F984AF}.Release|Any CPU.Build.0 = Release|Any CPU
		{F2B68199-A16B-4B40-B4FD-718126F984AF}.Release|x86.ActiveCfg = Release|x86
		{F2B68199-A16B-4B40-B4FD-718126F984AF}.Release|x86.Build.0 = Release|x86
		{F2B68199-A16B-4B40-B4FD-718126F984AF}.x86|Any CPU.ActiveCfg = Release|Any CPU
		{F2B68199-A16B-4B40-B4FD-718126F984AF}.x86|Any CPU.Build.0 = Release|Any CPU
		{F2B68199-A16B-4B40-B4FD-718126F984AF}.x86|x86.ActiveCfg = Release|x86
		{F2B68199-A16B-4B40-B4FD-718126F984AF}.x86|x86.Build.0 = Release|x86
		{49768C4B-0F89-40E8-943E-2977EF65834F}.Debug|Any CPU.ActiveCfg = Debug|Any CPU
		{49768C4B-0F89-40E8-943E-2977EF65834F}.Debug|Any CPU.Build.0 = Debug|Any CPU
		{49768C4B-0F89-40E8-943E-2977EF65834F}.Debug|x86.ActiveCfg = Debug|x86
		{49768C4B-0F89-40E8-943E-2977EF65834F}.Debug|x86.Build.0 = Debug|x86
		{49768C4B-0F89-40E8-943E-2977EF65834F}.Release|Any CPU.ActiveCfg = Release|Any CPU
		{49768C4B-0F89-40E8-943E-2977EF65834F}.Release|Any CPU.Build.0 = Release|Any CPU
		{49768C4B-0F89-40E8-943E-2977EF65834F}.Release|x86.ActiveCfg = Release|x86
		{49768C4B-0F89-40E8-943E-2977EF65834F}.Release|x86.Build.0 = Release|x86
		{49768C4B-0F89-40E8-943E-2977EF65834F}.x86|Any CPU.ActiveCfg = x86|Any CPU
		{49768C4B-0F89-40E8-943E-2977EF65834F}.x86|Any CPU.Build.0 = x86|Any CPU
		{49768C4B-0F89-40E8-943E-2977EF65834F}.x86|x86.ActiveCfg = x86|x86
		{49768C4B-0F89-40E8-943E-2977EF65834F}.x86|x86.Build.0 = x86|x86
	EndGlobalSection
	GlobalSection(SolutionProperties) = preSolution
		HideSolutionNode = FALSE
	EndGlobalSection
	GlobalSection(ExtensibilityGlobals) = postSolution
		SolutionGuid = {69902A49-8706-4EB2-876B-0781A609EFDB}
	EndGlobalSection
EndGlobal
